# generated by rye
# use `rye lock` or `rye sync` to update this lockfile
#
# last locked with the following flags:
#   pre: false
#   features: []
#   all-features: false
#   with-sources: false
#   generate-hashes: false

-e file:.
certifi==2024.6.2
    # via requests
charset-normalizer==3.3.2
    # via requests
colorama==0.4.6
    # via tqdm
deprecated==1.2.14
    # via pikepdf
docutils==0.21.2
    # via readme-renderer
idna==3.7
    # via requests
img2pdf==0.5.1
    # via izip2pdf
importlib-metadata==8.0.0
    # via twine
jaraco-classes==3.4.0
    # via keyring
jaraco-context==5.3.0
    # via keyring
jaraco-functools==4.0.1
    # via keyring
keyring==25.2.1
    # via twine
lxml==5.2.2
    # via pikepdf
markdown-it-py==3.0.0
    # via rich
mdurl==0.1.2
    # via markdown-it-py
more-itertools==10.3.0
    # via jaraco-classes
    # via jaraco-functools
natsort==8.4.0
    # via izip2pdf
nh3==0.2.17
    # via readme-renderer
packaging==24.1
    # via pikepdf
pikepdf==9.0.0
    # via img2pdf
pillow==10.3.0
    # via img2pdf
    # via pikepdf
    # via pillow-heif
    # via izip2pdf
pillow-avif-plugin==1.4.3
    # via izip2pdf
pillow-heif==0.16.0
    # via izip2pdf
pkginfo==1.10.0
    # via twine
pygments==2.18.0
    # via readme-renderer
    # via rich
pywin32-ctypes==0.2.2
    # via keyring
readme-renderer==43.0
    # via twine
requests==2.32.3
    # via requests-toolbelt
    # via twine
requests-toolbelt==1.0.0
    # via twine
rfc3986==2.0.0
    # via twine
rich==13.7.1
    # via twine
tqdm==4.66.4
    # via izip2pdf
twine==5.1.1
    # via izip2pdf
urllib3==2.2.2
    # via requests
    # via twine
wrapt==1.16.0
    # via deprecated
zipp==3.19.2
    # via importlib-metadata
